github.com/mdlayher/netlink v0.0.0-20170608195358-442316be22fd h1:57IeJ4Qkp1impvvDN1hllf81b0g7VwwEw3d2k5S20K8=
github.com/mdlayher/netlink v0.0.0-20170608195358-442316be22fd/go.mod h1:a3TlQHkJH2m32RF224Z7LhD5N4mpyR8eUbCoYHywrwg=
golang.org/x/net v0.0.0-20170809000501-1c05540f6879 h1:0rFa7EaCGdQPmZVbo9F7MNF65b8dyzS6EUnXjs9Cllk=
golang.org/x/net v0.0.0-20170809000501-1c05540f6879/go.mod h1:mL1N/T3taQHkDXs73rZJwtUhF3w3ftmwwsq0BUmARs4=
golang.org/x/sys v0.0.0-20170809190605-e42485b6e20a h1:qz9fUs58lV7lIbnkgEzLALJfXLEJuPUlUmrPOLST4bE=
golang.org/x/sys v0.0.0-20170809190605-e42485b6e20a/go.mod h1:STP8DvDyc/dI5b8T5hshtkjS+E42TnysNCUPdjciGhY=
