# This file is autogenerated, do not edit; changes may be undone by the next 'dep ensure'.


[[projects]]
  branch = "master"
  name = "github.com/mdlayher/netlink"
  packages = [".","nlenc"]
  revision = "442316be22fd353a5b04d456c6b9fc6ead548fa6"

[[projects]]
  branch = "master"
  name = "golang.org/x/net"
  packages = ["bpf"]
  revision = "1c05540f6879653db88113bc4a2b70aec4bd491f"

[[projects]]
  branch = "master"
  name = "golang.org/x/sys"
  packages = ["unix"]
  revision = "e42485b6e20ae7d2304ec72e535b103ed350cc02"

[solve-meta]
  analyzer-name = "dep"
  analyzer-version = 1
  inputs-digest = "8b3ec63c087634f5866921792e576028f38c4da99a45d83333ff11865dcb25e0"
  solver-name = "gps-cdcl"
  solver-version = 1
